<?xml version="1.0" encoding="utf-8"?>
<Project ToolsVersion="4.0" xmlns="http://schemas.microsoft.com/developer/msbuild/2003">
  <ItemGroup>
    <Filter Include="Header Files">
      <UniqueIdentifier>{93995380-89BD-4b04-88EB-625FBE52EBFB}</UniqueIdentifier>
      <Extensions>h;hh;hpp;hxx;h++;hm;inl;inc;ipp;xsd</Extensions>
    </Filter>
    <Filter Include="Resource Files">
      <UniqueIdentifier>{67DA6AB6-F800-4c08-8B7A-83BB121AAD01}</UniqueIdentifier>
      <Extensions>rc;ico;cur;bmp;dlg;rc2;rct;bin;rgs;gif;jpg;jpeg;jpe;resx;tiff;tif;png;wav;mfcribbon-ms</Extensions>
    </Filter>
    <Filter Include="Header Files\Etc.">
      <UniqueIdentifier>{9c92b960-204a-4ec7-ad92-280c091c62ea}</UniqueIdentifier>
    </Filter>
    <Filter Include="Header Files\pch">
      <UniqueIdentifier>{aa9e5cce-61e2-4c11-8343-d96a759cda2e}</UniqueIdentifier>
    </Filter>
    <Filter Include="Entry">
      <UniqueIdentifier>{653869ad-da06-4927-bf90-9db1a3038991}</UniqueIdentifier>
    </Filter>
    <Filter Include="Renderer">
      <UniqueIdentifier>{b3869ac0-6a5b-4229-8bf0-6cd44d7cf4b7}</UniqueIdentifier>
    </Filter>
    <Filter Include="Typedef">
      <UniqueIdentifier>{a8f53d86-f7b6-44a3-b8a6-a381d195d772}</UniqueIdentifier>
    </Filter>
    <Filter Include="Header Files\Shader">
      <UniqueIdentifier>{5c89b8b0-0149-426a-aa40-6c1c6ef9ecac}</UniqueIdentifier>
    </Filter>
    <Filter Include="Renderer\BasicMeshObject">
      <UniqueIdentifier>{e5b525ac-a5d7-4d14-be2b-3d783abfaa25}</UniqueIdentifier>
    </Filter>
    <Filter Include="Renderer\D3D12Renderer">
      <UniqueIdentifier>{a3ec621f-57e4-4be7-83cc-37ac9b37594f}</UniqueIdentifier>
    </Filter>
    <Filter Include="Util">
      <UniqueIdentifier>{8a5e5121-e285-4eb4-9288-d08e9b516f12}</UniqueIdentifier>
    </Filter>
    <Filter Include="Renderer\D3D12ResourceManager">
      <UniqueIdentifier>{f997c373-c23e-4ea3-ba96-0626738f51b5}</UniqueIdentifier>
    </Filter>
  </ItemGroup>
  <ItemGroup>
    <ClInclude Include="3. DrawTriangle_VBonGPUMem.h">
      <Filter>Entry</Filter>
    </ClInclude>
    <ClInclude Include="pch.h">
      <Filter>Header Files\pch</Filter>
    </ClInclude>
    <ClInclude Include="framework.h">
      <Filter>Header Files\Etc.</Filter>
    </ClInclude>
    <ClInclude Include="Resource.h">
      <Filter>Header Files\Etc.</Filter>
    </ClInclude>
    <ClInclude Include="targetver.h">
      <Filter>Header Files\Etc.</Filter>
    </ClInclude>
    <ClInclude Include="Typedef.h">
      <Filter>Typedef</Filter>
    </ClInclude>
    <ClInclude Include="BasicMeshObject.h">
      <Filter>Renderer\BasicMeshObject</Filter>
    </ClInclude>
    <ClInclude Include="D3D12Renderer.h">
      <Filter>Renderer\D3D12Renderer</Filter>
    </ClInclude>
    <ClInclude Include="D3DUtil.h">
      <Filter>Util</Filter>
    </ClInclude>
    <ClInclude Include="D3D12ResourceManager.h">
      <Filter>Renderer\D3D12ResourceManager</Filter>
    </ClInclude>
  </ItemGroup>
  <ItemGroup>
    <ClCompile Include="3. DrawTriangle_VBonGPUMem.cpp">
      <Filter>Entry</Filter>
    </ClCompile>
    <ClCompile Include="pch.cpp">
      <Filter>Header Files\pch</Filter>
    </ClCompile>
    <ClCompile Include="BasicMeshObject.cpp">
      <Filter>Renderer\BasicMeshObject</Filter>
    </ClCompile>
    <ClCompile Include="D3D12Renderer.cpp">
      <Filter>Renderer\D3D12Renderer</Filter>
    </ClCompile>
    <ClCompile Include="D3DUtil.cpp">
      <Filter>Util</Filter>
    </ClCompile>
    <ClCompile Include="D3D12ResourceManager.cpp">
      <Filter>Renderer\D3D12ResourceManager</Filter>
    </ClCompile>
  </ItemGroup>
  <ItemGroup>
    <ResourceCompile Include="3. DrawTriangle_VBonGPUMem.rc">
      <Filter>Resource Files</Filter>
    </ResourceCompile>
  </ItemGroup>
  <ItemGroup>
    <Image Include="small.ico">
      <Filter>Resource Files</Filter>
    </Image>
    <Image Include="3. DrawTriangle_VBonGPUMem.ico">
      <Filter>Resource Files</Filter>
    </Image>
  </ItemGroup>
  <ItemGroup>
    <None Include="packages.config" />
    <None Include="삼각형 그리기 - VertexBuffer on GPU Memory.md" />
  </ItemGroup>
  <ItemGroup>
    <FxCompile Include="Shaders\shaders.hlsl">
      <Filter>Header Files\Shader</Filter>
    </FxCompile>
  </ItemGroup>
</Project>