<?xml version="1.0" encoding="utf-8"?>
<Project ToolsVersion="4.0" xmlns="http://schemas.microsoft.com/developer/msbuild/2003">
  <ItemGroup>
    <Filter Include="리소스 파일">
      <UniqueIdentifier>{67DA6AB6-F800-4c08-8B7A-83BB121AAD01}</UniqueIdentifier>
      <Extensions>rc;ico;cur;bmp;dlg;rc2;rct;bin;rgs;gif;jpg;jpeg;jpe;resx;tiff;tif;png;wav;mfcribbon-ms</Extensions>
    </Filter>
    <Filter Include="Entry">
      <UniqueIdentifier>{bc2c8e71-ce3f-4014-bc45-3e97c175578e}</UniqueIdentifier>
    </Filter>
    <Filter Include="Headers">
      <UniqueIdentifier>{8fb15e19-5e63-495e-b0f3-a820277992bd}</UniqueIdentifier>
    </Filter>
    <Filter Include="Renderer">
      <UniqueIdentifier>{6ec6aef8-1d67-4ed9-a250-2770a6a94cba}</UniqueIdentifier>
    </Filter>
    <Filter Include="Typedef">
      <UniqueIdentifier>{43ea39e1-f912-42f5-ac11-e620946fbb1f}</UniqueIdentifier>
    </Filter>
    <Filter Include="Util">
      <UniqueIdentifier>{5727fae8-587d-4de3-acd4-280d78d2257a}</UniqueIdentifier>
    </Filter>
    <Filter Include="Headers\Etc.">
      <UniqueIdentifier>{c5b41b41-2558-4d18-93ad-26c93b581d82}</UniqueIdentifier>
    </Filter>
    <Filter Include="Headers\Pch">
      <UniqueIdentifier>{f11515ec-49f8-4764-be2d-9a48c902de69}</UniqueIdentifier>
    </Filter>
    <Filter Include="Renderer\BasicMeshObject">
      <UniqueIdentifier>{955399dd-6ae6-485c-934c-507f21ba2148}</UniqueIdentifier>
    </Filter>
    <Filter Include="Renderer\ConstantBufferPool">
      <UniqueIdentifier>{0e5719ff-fc15-45cf-80ad-0cb8277ea423}</UniqueIdentifier>
    </Filter>
    <Filter Include="Renderer\D3D12Renderer">
      <UniqueIdentifier>{135f1ef8-ace0-4408-aa89-d774888cb19e}</UniqueIdentifier>
    </Filter>
    <Filter Include="Renderer\D3D12ResourceManager">
      <UniqueIdentifier>{7cd47a74-b48b-48b0-84e2-db854505498c}</UniqueIdentifier>
    </Filter>
    <Filter Include="Renderer\DescriptorPool">
      <UniqueIdentifier>{3455b42a-a0dd-4dd0-9781-6f78bf60599a}</UniqueIdentifier>
    </Filter>
    <Filter Include="Renderer\Shader">
      <UniqueIdentifier>{bdafe965-9471-4540-bebc-d9f98409d939}</UniqueIdentifier>
    </Filter>
    <Filter Include="Util\Helper">
      <UniqueIdentifier>{92f8402b-7550-4429-8f9e-d4d2fdd4a130}</UniqueIdentifier>
    </Filter>
    <Filter Include="Util\IndexCreator">
      <UniqueIdentifier>{2e9ec123-a6aa-42c7-8b18-128477103cde}</UniqueIdentifier>
    </Filter>
    <Filter Include="Renderer\SingleDescriptorAllocator">
      <UniqueIdentifier>{c8512208-336b-4866-8f32-d9155167932e}</UniqueIdentifier>
    </Filter>
  </ItemGroup>
  <ItemGroup>
    <ClInclude Include="targetver.h">
      <Filter>Headers\Etc.</Filter>
    </ClInclude>
    <ClInclude Include="framework.h">
      <Filter>Headers\Etc.</Filter>
    </ClInclude>
    <ClInclude Include="Resource.h">
      <Filter>Headers\Etc.</Filter>
    </ClInclude>
    <ClInclude Include="BasicMeshObject.h">
      <Filter>Renderer\BasicMeshObject</Filter>
    </ClInclude>
    <ClInclude Include="D3D12Renderer.h">
      <Filter>Renderer\D3D12Renderer</Filter>
    </ClInclude>
    <ClInclude Include="D3D12ResourceManager.h">
      <Filter>Renderer\D3D12ResourceManager</Filter>
    </ClInclude>
    <ClInclude Include="D3DUtil.h">
      <Filter>Util\Helper</Filter>
    </ClInclude>
    <ClInclude Include="DescriptorPool.h">
      <Filter>Renderer\DescriptorPool</Filter>
    </ClInclude>
    <ClInclude Include="IndexCreator.h">
      <Filter>Util\IndexCreator</Filter>
    </ClInclude>
    <ClInclude Include="pch.h">
      <Filter>Headers\Pch</Filter>
    </ClInclude>
    <ClInclude Include="SimpleConstantBufferPool.h">
      <Filter>Renderer\ConstantBufferPool</Filter>
    </ClInclude>
    <ClInclude Include="SingleDescriptorAllocator.h">
      <Filter>Renderer\SingleDescriptorAllocator</Filter>
    </ClInclude>
    <ClInclude Include="Typedef.h">
      <Filter>Typedef</Filter>
    </ClInclude>
  </ItemGroup>
  <ItemGroup>
    <Image Include="small.ico">
      <Filter>리소스 파일</Filter>
    </Image>
    <Image Include="9. DepthStencilBuffer.ico">
      <Filter>리소스 파일</Filter>
    </Image>
  </ItemGroup>
  <ItemGroup>
    <ClCompile Include="main.cpp">
      <Filter>Entry</Filter>
    </ClCompile>
    <ClCompile Include="BasicMeshObject.cpp">
      <Filter>Renderer\BasicMeshObject</Filter>
    </ClCompile>
    <ClCompile Include="D3D12Renderer.cpp">
      <Filter>Renderer\D3D12Renderer</Filter>
    </ClCompile>
    <ClCompile Include="D3D12ResourceManager.cpp">
      <Filter>Renderer\D3D12ResourceManager</Filter>
    </ClCompile>
    <ClCompile Include="D3DUtil.cpp">
      <Filter>Util\Helper</Filter>
    </ClCompile>
    <ClCompile Include="DescriptorPool.cpp">
      <Filter>Renderer\DescriptorPool</Filter>
    </ClCompile>
    <ClCompile Include="IndexCreator.cpp">
      <Filter>Util\IndexCreator</Filter>
    </ClCompile>
    <ClCompile Include="pch.cpp">
      <Filter>Headers\Pch</Filter>
    </ClCompile>
    <ClCompile Include="SimpleConstantBufferPool.cpp">
      <Filter>Renderer\ConstantBufferPool</Filter>
    </ClCompile>
    <ClCompile Include="SingleDescriptorAllocator.cpp">
      <Filter>Renderer\SingleDescriptorAllocator</Filter>
    </ClCompile>
  </ItemGroup>
  <ItemGroup>
    <ResourceCompile Include="9. DepthStencilBuffer.rc">
      <Filter>리소스 파일</Filter>
    </ResourceCompile>
  </ItemGroup>
  <ItemGroup>
    <None Include="9. Depth Stencil Buffer 사용.md" />
    <None Include="packages.config" />
  </ItemGroup>
  <ItemGroup>
    <FxCompile Include="Shaders\shaders.hlsl">
      <Filter>Renderer\Shader</Filter>
    </FxCompile>
  </ItemGroup>
</Project>