
Microsoft Visual Studio Solution File, Format Version 12.00
# Visual Studio Version 17
VisualStudioVersion = 17.11.35312.102
MinimumVisualStudioVersion = 10.0.40219.1
Project("{8BC9CEB8-8B4A-11D0-8D11-00A0C91BC942}") = "D3D12_Basics", "D3D12_Basics\D3D12_Basics.vcxproj", "{5B824171-B718-4C38-9B0A-3874E625E644}"
EndProject
Project("{8BC9CEB8-8B4A-11D0-8D11-00A0C91BC942}") = "1. CreateDevice", "1. CreateDevice\1. CreateDevice.vcxproj", "{321C1715-085A-47A9-A6C9-2F389DC60BDC}"
EndProject
Project("{8BC9CEB8-8B4A-11D0-8D11-00A0C91BC942}") = "2. DrawTriangle_VBonSysMem", "2. DrawTriangle_VBonSysMem\2. DrawTriangle_VBonSysMem.vcxproj", "{E74D82A8-3F9A-49BF-92B5-5472087F7E7B}"
EndProject
Project("{8BC9CEB8-8B4A-11D0-8D11-00A0C91BC942}") = "3. DrawTriangle_VBonGPUMem", "3. DrawTriangle_VBonGPUMem\3. DrawTriangle_VBonGPUMem.vcxproj", "{FDEF95CB-98E3-4BFD-9E92-09DAD6796681}"
EndProject
Project("{8BC9CEB8-8B4A-11D0-8D11-00A0C91BC942}") = "4. DrawIndexedTriangle", "4. DrawIndexedTriangle\4. DrawIndexedTriangle.vcxproj", "{7DD8AF10-35CC-49D1-8C9C-C48193E6F378}"
EndProject
Project("{8BC9CEB8-8B4A-11D0-8D11-00A0C91BC942}") = "5. Texture", "5. Texture\5. Texture.vcxproj", "{2953FF36-68F8-43A5-A8EC-2B16C0730344}"
EndProject
Project("{8BC9CEB8-8B4A-11D0-8D11-00A0C91BC942}") = "6. Texture and Constant Buffer", "6. Texture and Constant Buffer\6. Texture and Constant Buffer.vcxproj", "{FFF5ED0D-0FA2-4A10-9A6D-8CFC39B3DDD7}"
EndProject
Global
	GlobalSection(SolutionConfigurationPlatforms) = preSolution
		Debug|x64 = Debug|x64
		Debug|x86 = Debug|x86
		Release|x64 = Release|x64
		Release|x86 = Release|x86
	EndGlobalSection
	GlobalSection(ProjectConfigurationPlatforms) = postSolution
		{5B824171-B718-4C38-9B0A-3874E625E644}.Debug|x64.ActiveCfg = Debug|x64
		{5B824171-B718-4C38-9B0A-3874E625E644}.Debug|x64.Build.0 = Debug|x64
		{5B824171-B718-4C38-9B0A-3874E625E644}.Debug|x86.ActiveCfg = Debug|Win32
		{5B824171-B718-4C38-9B0A-3874E625E644}.Debug|x86.Build.0 = Debug|Win32
		{5B824171-B718-4C38-9B0A-3874E625E644}.Release|x64.ActiveCfg = Release|x64
		{5B824171-B718-4C38-9B0A-3874E625E644}.Release|x64.Build.0 = Release|x64
		{5B824171-B718-4C38-9B0A-3874E625E644}.Release|x86.ActiveCfg = Release|Win32
		{5B824171-B718-4C38-9B0A-3874E625E644}.Release|x86.Build.0 = Release|Win32
		{321C1715-085A-47A9-A6C9-2F389DC60BDC}.Debug|x64.ActiveCfg = Debug|x64
		{321C1715-085A-47A9-A6C9-2F389DC60BDC}.Debug|x64.Build.0 = Debug|x64
		{321C1715-085A-47A9-A6C9-2F389DC60BDC}.Debug|x86.ActiveCfg = Debug|Win32
		{321C1715-085A-47A9-A6C9-2F389DC60BDC}.Debug|x86.Build.0 = Debug|Win32
		{321C1715-085A-47A9-A6C9-2F389DC60BDC}.Release|x64.ActiveCfg = Release|x64
		{321C1715-085A-47A9-A6C9-2F389DC60BDC}.Release|x64.Build.0 = Release|x64
		{321C1715-085A-47A9-A6C9-2F389DC60BDC}.Release|x86.ActiveCfg = Release|Win32
		{321C1715-085A-47A9-A6C9-2F389DC60BDC}.Release|x86.Build.0 = Release|Win32
		{E74D82A8-3F9A-49BF-92B5-5472087F7E7B}.Debug|x64.ActiveCfg = Debug|x64
		{E74D82A8-3F9A-49BF-92B5-5472087F7E7B}.Debug|x64.Build.0 = Debug|x64
		{E74D82A8-3F9A-49BF-92B5-5472087F7E7B}.Debug|x86.ActiveCfg = Debug|Win32
		{E74D82A8-3F9A-49BF-92B5-5472087F7E7B}.Debug|x86.Build.0 = Debug|Win32
		{E74D82A8-3F9A-49BF-92B5-5472087F7E7B}.Release|x64.ActiveCfg = Release|x64
		{E74D82A8-3F9A-49BF-92B5-5472087F7E7B}.Release|x64.Build.0 = Release|x64
		{E74D82A8-3F9A-49BF-92B5-5472087F7E7B}.Release|x86.ActiveCfg = Release|Win32
		{E74D82A8-3F9A-49BF-92B5-5472087F7E7B}.Release|x86.Build.0 = Release|Win32
		{FDEF95CB-98E3-4BFD-9E92-09DAD6796681}.Debug|x64.ActiveCfg = Debug|x64
		{FDEF95CB-98E3-4BFD-9E92-09DAD6796681}.Debug|x64.Build.0 = Debug|x64
		{FDEF95CB-98E3-4BFD-9E92-09DAD6796681}.Debug|x86.ActiveCfg = Debug|Win32
		{FDEF95CB-98E3-4BFD-9E92-09DAD6796681}.Debug|x86.Build.0 = Debug|Win32
		{FDEF95CB-98E3-4BFD-9E92-09DAD6796681}.Release|x64.ActiveCfg = Release|x64
		{FDEF95CB-98E3-4BFD-9E92-09DAD6796681}.Release|x64.Build.0 = Release|x64
		{FDEF95CB-98E3-4BFD-9E92-09DAD6796681}.Release|x86.ActiveCfg = Release|Win32
		{FDEF95CB-98E3-4BFD-9E92-09DAD6796681}.Release|x86.Build.0 = Release|Win32
		{7DD8AF10-35CC-49D1-8C9C-C48193E6F378}.Debug|x64.ActiveCfg = Debug|x64
		{7DD8AF10-35CC-49D1-8C9C-C48193E6F378}.Debug|x64.Build.0 = Debug|x64
		{7DD8AF10-35CC-49D1-8C9C-C48193E6F378}.Debug|x86.ActiveCfg = Debug|Win32
		{7DD8AF10-35CC-49D1-8C9C-C48193E6F378}.Debug|x86.Build.0 = Debug|Win32
		{7DD8AF10-35CC-49D1-8C9C-C48193E6F378}.Release|x64.ActiveCfg = Release|x64
		{7DD8AF10-35CC-49D1-8C9C-C48193E6F378}.Release|x64.Build.0 = Release|x64
		{7DD8AF10-35CC-49D1-8C9C-C48193E6F378}.Release|x86.ActiveCfg = Release|Win32
		{7DD8AF10-35CC-49D1-8C9C-C48193E6F378}.Release|x86.Build.0 = Release|Win32
		{2953FF36-68F8-43A5-A8EC-2B16C0730344}.Debug|x64.ActiveCfg = Debug|x64
		{2953FF36-68F8-43A5-A8EC-2B16C0730344}.Debug|x64.Build.0 = Debug|x64
		{2953FF36-68F8-43A5-A8EC-2B16C0730344}.Debug|x86.ActiveCfg = Debug|Win32
		{2953FF36-68F8-43A5-A8EC-2B16C0730344}.Debug|x86.Build.0 = Debug|Win32
		{2953FF36-68F8-43A5-A8EC-2B16C0730344}.Release|x64.ActiveCfg = Release|x64
		{2953FF36-68F8-43A5-A8EC-2B16C0730344}.Release|x64.Build.0 = Release|x64
		{2953FF36-68F8-43A5-A8EC-2B16C0730344}.Release|x86.ActiveCfg = Release|Win32
		{2953FF36-68F8-43A5-A8EC-2B16C0730344}.Release|x86.Build.0 = Release|Win32
		{FFF5ED0D-0FA2-4A10-9A6D-8CFC39B3DDD7}.Debug|x64.ActiveCfg = Debug|x64
		{FFF5ED0D-0FA2-4A10-9A6D-8CFC39B3DDD7}.Debug|x64.Build.0 = Debug|x64
		{FFF5ED0D-0FA2-4A10-9A6D-8CFC39B3DDD7}.Debug|x86.ActiveCfg = Debug|Win32
		{FFF5ED0D-0FA2-4A10-9A6D-8CFC39B3DDD7}.Debug|x86.Build.0 = Debug|Win32
		{FFF5ED0D-0FA2-4A10-9A6D-8CFC39B3DDD7}.Release|x64.ActiveCfg = Release|x64
		{FFF5ED0D-0FA2-4A10-9A6D-8CFC39B3DDD7}.Release|x64.Build.0 = Release|x64
		{FFF5ED0D-0FA2-4A10-9A6D-8CFC39B3DDD7}.Release|x86.ActiveCfg = Release|Win32
		{FFF5ED0D-0FA2-4A10-9A6D-8CFC39B3DDD7}.Release|x86.Build.0 = Release|Win32
	EndGlobalSection
	GlobalSection(SolutionProperties) = preSolution
		HideSolutionNode = FALSE
	EndGlobalSection
	GlobalSection(ExtensibilityGlobals) = postSolution
		SolutionGuid = {F29768E0-749A-4A7A-A1C7-13DC289E1297}
	EndGlobalSection
EndGlobal
