<?xml version="1.0" encoding="utf-8"?>
<Project ToolsVersion="4.0" xmlns="http://schemas.microsoft.com/developer/msbuild/2003">
  <ItemGroup>
    <Filter Include="Entry">
      <UniqueIdentifier>{56d6a409-9ba3-47ca-a47d-68cef7f8911f}</UniqueIdentifier>
    </Filter>
    <Filter Include="Headers">
      <UniqueIdentifier>{507f483a-0e4d-4100-8c5e-404d31f3394d}</UniqueIdentifier>
    </Filter>
    <Filter Include="Resources">
      <UniqueIdentifier>{ef3d3526-d83f-4e38-afe7-e79c4250b0ea}</UniqueIdentifier>
    </Filter>
    <Filter Include="Headers\Etc.">
      <UniqueIdentifier>{18d50594-6406-41cc-9645-cc6bc8dd5971}</UniqueIdentifier>
    </Filter>
    <Filter Include="Headers\pch">
      <UniqueIdentifier>{dd47b03e-7edd-4060-81c3-8af833e4fab7}</UniqueIdentifier>
    </Filter>
    <Filter Include="Renderer">
      <UniqueIdentifier>{6aa12e91-9a53-4038-bf18-92b449b9d380}</UniqueIdentifier>
    </Filter>
    <Filter Include="Typedef">
      <UniqueIdentifier>{9f0a58b7-ead3-4e6c-ba93-2439ed3a93b7}</UniqueIdentifier>
    </Filter>
    <Filter Include="Util">
      <UniqueIdentifier>{49ce15b2-2f00-4680-b5f6-5fd5f441abda}</UniqueIdentifier>
    </Filter>
    <Filter Include="DirectXTex">
      <UniqueIdentifier>{45bc0b72-6b61-46a6-8ffb-01c72cb0065f}</UniqueIdentifier>
    </Filter>
    <Filter Include="Renderer\BasicMeshObject">
      <UniqueIdentifier>{ba7bf1c0-b773-4136-94ac-e9ac6922bee6}</UniqueIdentifier>
    </Filter>
    <Filter Include="Renderer\D3D12Renderer">
      <UniqueIdentifier>{e1e37cb3-f2d4-4c3a-bc57-e724e5896c62}</UniqueIdentifier>
    </Filter>
    <Filter Include="Renderer\D3D12ResourceManager">
      <UniqueIdentifier>{bc46c4e8-d66e-466c-9116-c65a4d477cac}</UniqueIdentifier>
    </Filter>
    <Filter Include="Renderer\DescriptorPool">
      <UniqueIdentifier>{b08699c1-2a77-47c7-be9c-9c5856d68c23}</UniqueIdentifier>
    </Filter>
    <Filter Include="Renderer\SimpleConstantBufferPool">
      <UniqueIdentifier>{02a2ec79-b427-4260-a056-43f8bec6f589}</UniqueIdentifier>
    </Filter>
    <Filter Include="Renderer\SingleDescriptorAllocator">
      <UniqueIdentifier>{99c97ce8-b7bb-4a32-93f1-08bf4a9b9314}</UniqueIdentifier>
    </Filter>
    <Filter Include="Renderer\Shader">
      <UniqueIdentifier>{8d567ec9-484d-4f98-a0ce-c411a4b8f243}</UniqueIdentifier>
    </Filter>
    <Filter Include="Util\D3DUtil">
      <UniqueIdentifier>{af0aa9a8-bb5f-42ff-a2a1-690db0371ae1}</UniqueIdentifier>
    </Filter>
    <Filter Include="Util\IndexCreator">
      <UniqueIdentifier>{09a26dcf-684d-45b1-9e09-963907a42dc0}</UniqueIdentifier>
    </Filter>
  </ItemGroup>
  <ItemGroup>
    <ClInclude Include="framework.h">
      <Filter>Headers\Etc.</Filter>
    </ClInclude>
    <ClInclude Include="Resource.h">
      <Filter>Headers\Etc.</Filter>
    </ClInclude>
    <ClInclude Include="targetver.h">
      <Filter>Headers\Etc.</Filter>
    </ClInclude>
    <ClInclude Include="DDSTextureLoader12.h">
      <Filter>DirectXTex</Filter>
    </ClInclude>
    <ClInclude Include="pch.h">
      <Filter>Headers\pch</Filter>
    </ClInclude>
    <ClInclude Include="Typedef.h">
      <Filter>Typedef</Filter>
    </ClInclude>
    <ClInclude Include="BasicMeshObject.h">
      <Filter>Renderer\BasicMeshObject</Filter>
    </ClInclude>
    <ClInclude Include="D3D12Renderer.h">
      <Filter>Renderer\D3D12Renderer</Filter>
    </ClInclude>
    <ClInclude Include="D3D12ResourceManager.h">
      <Filter>Renderer\D3D12ResourceManager</Filter>
    </ClInclude>
    <ClInclude Include="DescriptorPool.h">
      <Filter>Renderer\DescriptorPool</Filter>
    </ClInclude>
    <ClInclude Include="SimpleConstantBufferPool.h">
      <Filter>Renderer\SimpleConstantBufferPool</Filter>
    </ClInclude>
    <ClInclude Include="SingleDescriptorAllocator.h">
      <Filter>Renderer\SingleDescriptorAllocator</Filter>
    </ClInclude>
    <ClInclude Include="D3DUtil.h">
      <Filter>Util\D3DUtil</Filter>
    </ClInclude>
    <ClInclude Include="IndexCreator.h">
      <Filter>Util\IndexCreator</Filter>
    </ClInclude>
    <ClInclude Include="..\DirectXTex\DirectXTex.h">
      <Filter>DirectXTex</Filter>
    </ClInclude>
  </ItemGroup>
  <ItemGroup>
    <Image Include="11. Overlapped_Frame.ico">
      <Filter>Resources</Filter>
    </Image>
    <Image Include="small.ico">
      <Filter>Resources</Filter>
    </Image>
  </ItemGroup>
  <ItemGroup>
    <ClCompile Include="main.cpp">
      <Filter>Entry</Filter>
    </ClCompile>
    <ClCompile Include="DDSTextureLoader12.cpp">
      <Filter>DirectXTex</Filter>
    </ClCompile>
    <ClCompile Include="pch.cpp">
      <Filter>Headers\pch</Filter>
    </ClCompile>
    <ClCompile Include="BasicMeshObject.cpp">
      <Filter>Renderer\BasicMeshObject</Filter>
    </ClCompile>
    <ClCompile Include="D3D12Renderer.cpp">
      <Filter>Renderer\D3D12Renderer</Filter>
    </ClCompile>
    <ClCompile Include="D3D12ResourceManager.cpp">
      <Filter>Renderer\D3D12ResourceManager</Filter>
    </ClCompile>
    <ClCompile Include="DescriptorPool.cpp">
      <Filter>Renderer\DescriptorPool</Filter>
    </ClCompile>
    <ClCompile Include="SingleDescriptorAllocator.cpp">
      <Filter>Renderer\SingleDescriptorAllocator</Filter>
    </ClCompile>
    <ClCompile Include="SimpleConstantBufferPool.cpp">
      <Filter>Renderer\SimpleConstantBufferPool</Filter>
    </ClCompile>
    <ClCompile Include="D3DUtil.cpp">
      <Filter>Util\D3DUtil</Filter>
    </ClCompile>
    <ClCompile Include="IndexCreator.cpp">
      <Filter>Util\IndexCreator</Filter>
    </ClCompile>
  </ItemGroup>
  <ItemGroup>
    <ResourceCompile Include="11. Overlapped_Frame.rc">
      <Filter>Resources</Filter>
    </ResourceCompile>
  </ItemGroup>
  <ItemGroup>
    <FxCompile Include="Shaders\shaders.hlsl">
      <Filter>Renderer\Shader</Filter>
    </FxCompile>
  </ItemGroup>
  <ItemGroup>
    <None Include="packages.config" />
    <None Include="11. 여러 프레임 중첩 렌더링.md" />
  </ItemGroup>
</Project>