<?xml version="1.0" encoding="utf-8"?>
<Project ToolsVersion="4.0" xmlns="http://schemas.microsoft.com/developer/msbuild/2003">
  <ItemGroup>
    <Filter Include="Header Files">
      <UniqueIdentifier>{93995380-89BD-4b04-88EB-625FBE52EBFB}</UniqueIdentifier>
      <Extensions>h;hh;hpp;hxx;h++;hm;inl;inc;ipp;xsd</Extensions>
    </Filter>
    <Filter Include="Resource Files">
      <UniqueIdentifier>{67DA6AB6-F800-4c08-8B7A-83BB121AAD01}</UniqueIdentifier>
      <Extensions>rc;ico;cur;bmp;dlg;rc2;rct;bin;rgs;gif;jpg;jpeg;jpe;resx;tiff;tif;png;wav;mfcribbon-ms</Extensions>
    </Filter>
    <Filter Include="Entry">
      <UniqueIdentifier>{b44b1a47-43a5-4293-9aa8-5c335c94d9cb}</UniqueIdentifier>
    </Filter>
    <Filter Include="Utils">
      <UniqueIdentifier>{68f0dee8-c09b-4622-b05a-5a5f41f96463}</UniqueIdentifier>
    </Filter>
    <Filter Include="Header Files\Etc.">
      <UniqueIdentifier>{7b2f93d6-3e15-4ce1-8fe4-4bb2ea93e668}</UniqueIdentifier>
    </Filter>
    <Filter Include="Header Files\pch">
      <UniqueIdentifier>{66f60f29-5ee2-4d74-89ca-d6bd34b3502c}</UniqueIdentifier>
    </Filter>
    <Filter Include="Renderer">
      <UniqueIdentifier>{d1506c44-7880-40cf-a994-adbbcd9953bf}</UniqueIdentifier>
    </Filter>
    <Filter Include="Renderer\D3D12Renderer">
      <UniqueIdentifier>{5e89ea20-8b23-4978-b55e-ff9ce966f297}</UniqueIdentifier>
    </Filter>
    <Filter Include="Renderer\BasicMeshObject">
      <UniqueIdentifier>{4bcdeb90-dc09-4800-94a9-76dfebc82a36}</UniqueIdentifier>
    </Filter>
    <Filter Include="Typedef">
      <UniqueIdentifier>{2954bf8c-9f4b-4bb6-8060-2fbc5ccb3264}</UniqueIdentifier>
    </Filter>
    <Filter Include="Shader">
      <UniqueIdentifier>{59068c6e-b6b9-47f5-9fe2-10a68cd53166}</UniqueIdentifier>
    </Filter>
  </ItemGroup>
  <ItemGroup>
    <ClInclude Include="D3D12Renderer.h">
      <Filter>Renderer\D3D12Renderer</Filter>
    </ClInclude>
    <ClInclude Include="2. DrawTriangle_VBonSysMem.h">
      <Filter>Entry</Filter>
    </ClInclude>
    <ClInclude Include="framework.h">
      <Filter>Header Files\Etc.</Filter>
    </ClInclude>
    <ClInclude Include="Resource.h">
      <Filter>Header Files\Etc.</Filter>
    </ClInclude>
    <ClInclude Include="targetver.h">
      <Filter>Header Files\Etc.</Filter>
    </ClInclude>
    <ClInclude Include="pch.h">
      <Filter>Header Files\pch</Filter>
    </ClInclude>
    <ClInclude Include="BasicMeshObject.h">
      <Filter>Renderer\BasicMeshObject</Filter>
    </ClInclude>
    <ClInclude Include="Typedef.h">
      <Filter>Typedef</Filter>
    </ClInclude>
    <ClInclude Include="..\D3D_Util\D3DUtil.h">
      <Filter>Utils</Filter>
    </ClInclude>
  </ItemGroup>
  <ItemGroup>
    <ClCompile Include="D3D12Renderer.cpp">
      <Filter>Renderer\D3D12Renderer</Filter>
    </ClCompile>
    <ClCompile Include="2. DrawTriangle_VBonSysMem.cpp">
      <Filter>Entry</Filter>
    </ClCompile>
    <ClCompile Include="pch.cpp">
      <Filter>Header Files\pch</Filter>
    </ClCompile>
    <ClCompile Include="BasicMeshObject.cpp">
      <Filter>Renderer\BasicMeshObject</Filter>
    </ClCompile>
    <ClCompile Include="..\D3D_Util\D3DUtil.cpp">
      <Filter>Utils</Filter>
    </ClCompile>
  </ItemGroup>
  <ItemGroup>
    <ResourceCompile Include="2. DrawTriangle_VBonSysMem.rc">
      <Filter>Resource Files</Filter>
    </ResourceCompile>
  </ItemGroup>
  <ItemGroup>
    <Image Include="small.ico">
      <Filter>Resource Files</Filter>
    </Image>
    <Image Include="2. DrawTriangle_VBonSysMem.ico">
      <Filter>Resource Files</Filter>
    </Image>
  </ItemGroup>
  <ItemGroup>
    <None Include="packages.config" />
  </ItemGroup>
  <ItemGroup>
    <FxCompile Include="Shaders\shaders.hlsl">
      <Filter>Shader</Filter>
    </FxCompile>
  </ItemGroup>
</Project>