<?xml version="1.0" encoding="utf-8"?>
<Project ToolsVersion="4.0" xmlns="http://schemas.microsoft.com/developer/msbuild/2003">
  <ItemGroup>
    <Filter Include="Header Files">
      <UniqueIdentifier>{93995380-89BD-4b04-88EB-625FBE52EBFB}</UniqueIdentifier>
      <Extensions>h;hh;hpp;hxx;h++;hm;inl;inc;ipp;xsd</Extensions>
    </Filter>
    <Filter Include="Resource Files">
      <UniqueIdentifier>{67DA6AB6-F800-4c08-8B7A-83BB121AAD01}</UniqueIdentifier>
      <Extensions>rc;ico;cur;bmp;dlg;rc2;rct;bin;rgs;gif;jpg;jpeg;jpe;resx;tiff;tif;png;wav;mfcribbon-ms</Extensions>
    </Filter>
    <Filter Include="Header Files\pch">
      <UniqueIdentifier>{3b389529-b603-4021-a57c-096328965ee9}</UniqueIdentifier>
    </Filter>
    <Filter Include="Header Files\Etc.">
      <UniqueIdentifier>{9a6c6765-4c21-49c5-a929-d198ff161907}</UniqueIdentifier>
    </Filter>
    <Filter Include="Entry">
      <UniqueIdentifier>{8ff70d65-2532-4bcb-906b-e363597962c0}</UniqueIdentifier>
    </Filter>
    <Filter Include="D3D12Renderer">
      <UniqueIdentifier>{4ef2973e-05fb-43a1-b1c7-57eaa42f21db}</UniqueIdentifier>
    </Filter>
    <Filter Include="Utils">
      <UniqueIdentifier>{1e509109-0c7c-4a47-992c-a2e6023393ed}</UniqueIdentifier>
    </Filter>
  </ItemGroup>
  <ItemGroup>
    <ClInclude Include="pch.h">
      <Filter>Header Files\pch</Filter>
    </ClInclude>
    <ClInclude Include="framework.h">
      <Filter>Header Files\Etc.</Filter>
    </ClInclude>
    <ClInclude Include="Resource.h">
      <Filter>Header Files\Etc.</Filter>
    </ClInclude>
    <ClInclude Include="targetver.h">
      <Filter>Header Files\Etc.</Filter>
    </ClInclude>
    <ClInclude Include="1. CreateDevice.h">
      <Filter>Header Files\Etc.</Filter>
    </ClInclude>
    <ClInclude Include="D3D12Renderer.h">
      <Filter>D3D12Renderer</Filter>
    </ClInclude>
    <ClInclude Include="D3DUtils.h">
      <Filter>Utils</Filter>
    </ClInclude>
  </ItemGroup>
  <ItemGroup>
    <ClCompile Include="pch.cpp">
      <Filter>Header Files\pch</Filter>
    </ClCompile>
    <ClCompile Include="1. CreateDevice.cpp">
      <Filter>Entry</Filter>
    </ClCompile>
    <ClCompile Include="D3D12Renderer.cpp">
      <Filter>D3D12Renderer</Filter>
    </ClCompile>
    <ClCompile Include="D3DUtils.cpp">
      <Filter>Utils</Filter>
    </ClCompile>
  </ItemGroup>
  <ItemGroup>
    <ResourceCompile Include="1. CreateDevice.rc">
      <Filter>Resource Files</Filter>
    </ResourceCompile>
  </ItemGroup>
  <ItemGroup>
    <Image Include="small.ico">
      <Filter>Resource Files</Filter>
    </Image>
    <Image Include="1. CreateDevice.ico">
      <Filter>Resource Files</Filter>
    </Image>
  </ItemGroup>
  <ItemGroup>
    <None Include="packages.config" />
  </ItemGroup>
</Project>