<?xml version="1.0" encoding="utf-8"?>
<Project ToolsVersion="4.0" xmlns="http://schemas.microsoft.com/developer/msbuild/2003">
  <ItemGroup>
    <Filter Include="소스 파일">
      <UniqueIdentifier>{4FC737F1-C7A5-4376-A066-2A32D752A2FF}</UniqueIdentifier>
      <Extensions>cpp;c;cc;cxx;c++;cppm;ixx;def;odl;idl;hpj;bat;asm;asmx</Extensions>
    </Filter>
    <Filter Include="리소스 파일">
      <UniqueIdentifier>{67DA6AB6-F800-4c08-8B7A-83BB121AAD01}</UniqueIdentifier>
      <Extensions>rc;ico;cur;bmp;dlg;rc2;rct;bin;rgs;gif;jpg;jpeg;jpe;resx;tiff;tif;png;wav;mfcribbon-ms</Extensions>
    </Filter>
    <Filter Include="Entry">
      <UniqueIdentifier>{85a96ada-db27-4e87-aac3-63d2a07ed126}</UniqueIdentifier>
    </Filter>
    <Filter Include="Headers">
      <UniqueIdentifier>{167177ca-e42d-4207-bdf1-36b5d235fca7}</UniqueIdentifier>
    </Filter>
    <Filter Include="Renderer">
      <UniqueIdentifier>{b9c24f20-52f8-4709-a3f1-3874d90fc709}</UniqueIdentifier>
    </Filter>
    <Filter Include="Shader">
      <UniqueIdentifier>{a5485d37-dd38-4ecc-8205-075e79499204}</UniqueIdentifier>
    </Filter>
    <Filter Include="Typedef">
      <UniqueIdentifier>{97161e11-d7da-46e2-86ce-85997fb9182e}</UniqueIdentifier>
    </Filter>
    <Filter Include="Util">
      <UniqueIdentifier>{330a1b14-40f9-474c-9577-ec2cdd226ed2}</UniqueIdentifier>
    </Filter>
    <Filter Include="Renderer\D3D12Renderer">
      <UniqueIdentifier>{0277823a-560e-4c76-9cf0-4748a1f14454}</UniqueIdentifier>
    </Filter>
    <Filter Include="Renderer\D3D12ResourceManager">
      <UniqueIdentifier>{89a892d4-6bf5-4d93-b2a6-aadc5f4a80c2}</UniqueIdentifier>
    </Filter>
    <Filter Include="Renderer\BasicMeshObject">
      <UniqueIdentifier>{d8016125-e3f0-4fed-aaeb-b663e1f318d4}</UniqueIdentifier>
    </Filter>
    <Filter Include="Headers\헤더 파일">
      <UniqueIdentifier>{93995380-89BD-4b04-88EB-625FBE52EBFB}</UniqueIdentifier>
      <Extensions>h;hh;hpp;hxx;h++;hm;inl;inc;ipp;xsd</Extensions>
    </Filter>
    <Filter Include="Headers\pch">
      <UniqueIdentifier>{2a6e78fd-befa-46c9-ac65-57420318dbff}</UniqueIdentifier>
    </Filter>
  </ItemGroup>
  <ItemGroup>
    <ClInclude Include="framework.h">
      <Filter>Headers\헤더 파일</Filter>
    </ClInclude>
    <ClInclude Include="targetver.h">
      <Filter>Headers\헤더 파일</Filter>
    </ClInclude>
    <ClInclude Include="Resource.h">
      <Filter>Headers\헤더 파일</Filter>
    </ClInclude>
    <ClInclude Include="BasicMeshObject.h">
      <Filter>Renderer\BasicMeshObject</Filter>
    </ClInclude>
    <ClInclude Include="D3D12Renderer.h">
      <Filter>Renderer\D3D12Renderer</Filter>
    </ClInclude>
    <ClInclude Include="D3D12ResourceManager.h">
      <Filter>Renderer\D3D12ResourceManager</Filter>
    </ClInclude>
    <ClInclude Include="D3DUtil.h">
      <Filter>Util</Filter>
    </ClInclude>
    <ClInclude Include="pch.h">
      <Filter>Headers\pch</Filter>
    </ClInclude>
    <ClInclude Include="Typedef.h">
      <Filter>Typedef</Filter>
    </ClInclude>
    <ClInclude Include="5. Texture.h">
      <Filter>Entry</Filter>
    </ClInclude>
  </ItemGroup>
  <ItemGroup>
    <ClCompile Include="BasicMeshObject.cpp">
      <Filter>Renderer\BasicMeshObject</Filter>
    </ClCompile>
    <ClCompile Include="D3D12Renderer.cpp">
      <Filter>Renderer\D3D12Renderer</Filter>
    </ClCompile>
    <ClCompile Include="D3D12ResourceManager.cpp">
      <Filter>Renderer\D3D12ResourceManager</Filter>
    </ClCompile>
    <ClCompile Include="D3DUtil.cpp">
      <Filter>Util</Filter>
    </ClCompile>
    <ClCompile Include="pch.cpp">
      <Filter>Headers\pch</Filter>
    </ClCompile>
    <ClCompile Include="5. Texture.cpp">
      <Filter>Entry</Filter>
    </ClCompile>
  </ItemGroup>
  <ItemGroup>
    <ResourceCompile Include="5. Texture.rc">
      <Filter>리소스 파일</Filter>
    </ResourceCompile>
  </ItemGroup>
  <ItemGroup>
    <Image Include="small.ico">
      <Filter>리소스 파일</Filter>
    </Image>
    <Image Include="5. Texture.ico">
      <Filter>리소스 파일</Filter>
    </Image>
  </ItemGroup>
  <ItemGroup>
    <None Include="packages.config" />
    <None Include="5. Texture 사용.md" />
  </ItemGroup>
  <ItemGroup>
    <FxCompile Include="Shaders\shaders.hlsl">
      <Filter>Shader</Filter>
    </FxCompile>
  </ItemGroup>
</Project>